// !$*UTF8*$!
{
	archiveVersion = 1;
	classes = {
	};
	objectVersion = 46;
	objects = {

/* Begin PBXBuildFile section */
		2E59D2641D96318100F0C380 /* Emoji Sudoku WatchKit Extension.appex in Embed App Extensions */ = {isa = PBXBuildFile; fileRef = 2E6628AC1AF5D431006E51AC /* Emoji Sudoku WatchKit Extension.appex */; settings = {ATTRIBUTES = (RemoveHeadersOnCopy, ); }; };
		2E59D2671D96318100F0C380 /* Emoji Sudoku 😎.app in Embed Watch Content */ = {isa = PBXBuildFile; fileRef = 2E6628B61AF5D432006E51AC /* Emoji Sudoku 😎.app */; };
		2E6628891AF5D3F2006E51AC /* AppDelegate.swift in Sources */ = {isa = PBXBuildFile; fileRef = 2E6628881AF5D3F2006E51AC /* AppDelegate.swift */; };
		2E66288B1AF5D3F2006E51AC /* ViewController.swift in Sources */ = {isa = PBXBuildFile; fileRef = 2E66288A1AF5D3F2006E51AC /* ViewController.swift */; };
		2E66288E1AF5D3F2006E51AC /* Main.storyboard in Resources */ = {isa = PBXBuildFile; fileRef = 2E66288C1AF5D3F2006E51AC /* Main.storyboard */; };
		2E6628901AF5D3F2006E51AC /* Images.xcassets in Resources */ = {isa = PBXBuildFile; fileRef = 2E66288F1AF5D3F2006E51AC /* Images.xcassets */; };
		2E6628931AF5D3F2006E51AC /* LaunchScreen.xib in Resources */ = {isa = PBXBuildFile; fileRef = 2E6628911AF5D3F2006E51AC /* LaunchScreen.xib */; };
		2E66289F1AF5D3F2006E51AC /* Emoji_SudokuTests.swift in Sources */ = {isa = PBXBuildFile; fileRef = 2E66289E1AF5D3F2006E51AC /* Emoji_SudokuTests.swift */; };
		2E6628B11AF5D432006E51AC /* InterfaceController.swift in Sources */ = {isa = PBXBuildFile; fileRef = 2E6628B01AF5D432006E51AC /* InterfaceController.swift */; };
		2E6628B31AF5D432006E51AC /* Images.xcassets in Resources */ = {isa = PBXBuildFile; fileRef = 2E6628B21AF5D432006E51AC /* Images.xcassets */; };
		2E6628BF1AF5D432006E51AC /* Interface.storyboard in Resources */ = {isa = PBXBuildFile; fileRef = 2E6628BD1AF5D432006E51AC /* Interface.storyboard */; };
		2E6628C11AF5D432006E51AC /* Images.xcassets in Resources */ = {isa = PBXBuildFile; fileRef = 2E6628C01AF5D432006E51AC /* Images.xcassets */; };
		2E6628CD1AF5DE01006E51AC /* EmojiPicker.swift in Sources */ = {isa = PBXBuildFile; fileRef = 2E6628CC1AF5DE01006E51AC /* EmojiPicker.swift */; };
		2E6628CF1AF5F693006E51AC /* SudokuCell.swift in Sources */ = {isa = PBXBuildFile; fileRef = 2E6628CE1AF5F693006E51AC /* SudokuCell.swift */; };
		2E9904CC1AF70E40006B3B82 /* s0.png in Resources */ = {isa = PBXBuildFile; fileRef = 2E9904CB1AF70E40006B3B82 /* s0.png */; };
		2E9904DB1AF70EDB006B3B82 /* s1.png in Resources */ = {isa = PBXBuildFile; fileRef = 2E9904CD1AF70EDB006B3B82 /* s1.png */; };
		2E9904DC1AF70EDB006B3B82 /* s2.png in Resources */ = {isa = PBXBuildFile; fileRef = 2E9904CE1AF70EDB006B3B82 /* s2.png */; };
		2E9904DD1AF70EDB006B3B82 /* s3.png in Resources */ = {isa = PBXBuildFile; fileRef = 2E9904CF1AF70EDB006B3B82 /* s3.png */; };
		2E9904DE1AF70EDB006B3B82 /* s4.png in Resources */ = {isa = PBXBuildFile; fileRef = 2E9904D01AF70EDB006B3B82 /* s4.png */; };
		2E9904DF1AF70EDB006B3B82 /* s5.png in Resources */ = {isa = PBXBuildFile; fileRef = 2E9904D11AF70EDB006B3B82 /* s5.png */; };
		2E9904E01AF70EDB006B3B82 /* s6.png in Resources */ = {isa = PBXBuildFile; fileRef = 2E9904D21AF70EDB006B3B82 /* s6.png */; };
		2E9904E11AF70EDB006B3B82 /* s7.png in Resources */ = {isa = PBXBuildFile; fileRef = 2E9904D31AF70EDB006B3B82 /* s7.png */; };
		2E9904E21AF70EDB006B3B82 /* s8.png in Resources */ = {isa = PBXBuildFile; fileRef = 2E9904D41AF70EDB006B3B82 /* s8.png */; };
		2E9904E31AF70EDB006B3B82 /* s9.png in Resources */ = {isa = PBXBuildFile; fileRef = 2E9904D51AF70EDB006B3B82 /* s9.png */; };
		2E9904E41AF70EDB006B3B82 /* s10.png in Resources */ = {isa = PBXBuildFile; fileRef = 2E9904D61AF70EDB006B3B82 /* s10.png */; };
		2E9904E51AF70EDB006B3B82 /* s11.png in Resources */ = {isa = PBXBuildFile; fileRef = 2E9904D71AF70EDB006B3B82 /* s11.png */; };
		2E9904E61AF70EDB006B3B82 /* s12.png in Resources */ = {isa = PBXBuildFile; fileRef = 2E9904D81AF70EDB006B3B82 /* s12.png */; };
		2E9904E71AF70EDB006B3B82 /* s13.png in Resources */ = {isa = PBXBuildFile; fileRef = 2E9904D91AF70EDB006B3B82 /* s13.png */; };
		2E9904E81AF70EDB006B3B82 /* s14.png in Resources */ = {isa = PBXBuildFile; fileRef = 2E9904DA1AF70EDB006B3B82 /* s14.png */; };
		2EC6BB541AF6B2D800AE8F19 /* VictoryScreen.swift in Sources */ = {isa = PBXBuildFile; fileRef = 2EC6BB531AF6B2D800AE8F19 /* VictoryScreen.swift */; };
		2EC6BB561AF6BA6300AE8F19 /* CustomMain.swift in Sources */ = {isa = PBXBuildFile; fileRef = 2EC6BB551AF6BA6300AE8F19 /* CustomMain.swift */; };
		2EC6BB581AF6BB1400AE8F19 /* CustomPicker.swift in Sources */ = {isa = PBXBuildFile; fileRef = 2EC6BB571AF6BB1400AE8F19 /* CustomPicker.swift */; };
		2EC6BB601AF6DE7800AE8F19 /* Apple Watch.png in Resources */ = {isa = PBXBuildFile; fileRef = 2EC6BB5F1AF6DE7800AE8F19 /* Apple Watch.png */; };
/* End PBXBuildFile section */

/* Begin PBXContainerItemProxy section */
		2E59D2621D96318100F0C380 /* PBXContainerItemProxy */ = {
			isa = PBXContainerItemProxy;
			containerPortal = 2E66287B1AF5D3F2006E51AC /* Project object */;
			proxyType = 1;
			remoteGlobalIDString = 2E6628AB1AF5D431006E51AC;
			remoteInfo = "Emoji Sudoku WatchKit Extension";
		};
		2E59D2651D96318100F0C380 /* PBXContainerItemProxy */ = {
			isa = PBXContainerItemProxy;
			containerPortal = 2E66287B1AF5D3F2006E51AC /* Project object */;
			proxyType = 1;
			remoteGlobalIDString = 2E6628B51AF5D432006E51AC;
			remoteInfo = "Emoji Sudoku 😎";
		};
		2E6628991AF5D3F2006E51AC /* PBXContainerItemProxy */ = {
			isa = PBXContainerItemProxy;
			containerPortal = 2E66287B1AF5D3F2006E51AC /* Project object */;
			proxyType = 1;
			remoteGlobalIDString = 2E6628821AF5D3F2006E51AC;
			remoteInfo = "Emoji Sudoku";
		};
/* End PBXContainerItemProxy section */

/* Begin PBXCopyFilesBuildPhase section */
		2E59D2681D96318100F0C380 /* Embed App Extensions */ = {
			isa = PBXCopyFilesBuildPhase;
			buildActionMask = 2147483647;
			dstPath = "";
			dstSubfolderSpec = 13;
			files = (
				2E59D2641D96318100F0C380 /* Emoji Sudoku WatchKit Extension.appex in Embed App Extensions */,
			);
			name = "Embed App Extensions";
			runOnlyForDeploymentPostprocessing = 0;
		};
		2E59D2691D96318100F0C380 /* Embed Watch Content */ = {
			isa = PBXCopyFilesBuildPhase;
			buildActionMask = 2147483647;
			dstPath = "$(CONTENTS_FOLDER_PATH)/Watch";
			dstSubfolderSpec = 16;
			files = (
				2E59D2671D96318100F0C380 /* Emoji Sudoku 😎.app in Embed Watch Content */,
			);
			name = "Embed Watch Content";
			runOnlyForDeploymentPostprocessing = 0;
		};
/* End PBXCopyFilesBuildPhase section */

/* Begin PBXFileReference section */
		2E6628831AF5D3F2006E51AC /* Emoji Sudoku.app */ = {isa = PBXFileReference; explicitFileType = wrapper.application; includeInIndex = 0; path = "Emoji Sudoku.app"; sourceTree = BUILT_PRODUCTS_DIR; };
		2E6628871AF5D3F2006E51AC /* Info.plist */ = {isa = PBXFileReference; lastKnownFileType = text.plist.xml; path = Info.plist; sourceTree = "<group>"; };
		2E6628881AF5D3F2006E51AC /* AppDelegate.swift */ = {isa = PBXFileReference; lastKnownFileType = sourcecode.swift; path = AppDelegate.swift; sourceTree = "<group>"; };
		2E66288A1AF5D3F2006E51AC /* ViewController.swift */ = {isa = PBXFileReference; lastKnownFileType = sourcecode.swift; path = ViewController.swift; sourceTree = "<group>"; };
		2E66288D1AF5D3F2006E51AC /* Base */ = {isa = PBXFileReference; lastKnownFileType = file.storyboard; name = Base; path = Base.lproj/Main.storyboard; sourceTree = "<group>"; };
		2E66288F1AF5D3F2006E51AC /* Images.xcassets */ = {isa = PBXFileReference; lastKnownFileType = folder.assetcatalog; path = Images.xcassets; sourceTree = "<group>"; };
		2E6628921AF5D3F2006E51AC /* Base */ = {isa = PBXFileReference; lastKnownFileType = file.xib; name = Base; path = Base.lproj/LaunchScreen.xib; sourceTree = "<group>"; };
		2E6628981AF5D3F2006E51AC /* Emoji SudokuTests.xctest */ = {isa = PBXFileReference; explicitFileType = wrapper.cfbundle; includeInIndex = 0; path = "Emoji SudokuTests.xctest"; sourceTree = BUILT_PRODUCTS_DIR; };
		2E66289D1AF5D3F2006E51AC /* Info.plist */ = {isa = PBXFileReference; lastKnownFileType = text.plist.xml; path = Info.plist; sourceTree = "<group>"; };
		2E66289E1AF5D3F2006E51AC /* Emoji_SudokuTests.swift */ = {isa = PBXFileReference; lastKnownFileType = sourcecode.swift; path = Emoji_SudokuTests.swift; sourceTree = "<group>"; };
		2E6628AC1AF5D431006E51AC /* Emoji Sudoku WatchKit Extension.appex */ = {isa = PBXFileReference; explicitFileType = "wrapper.app-extension"; includeInIndex = 0; path = "Emoji Sudoku WatchKit Extension.appex"; sourceTree = BUILT_PRODUCTS_DIR; };
		2E6628AF1AF5D432006E51AC /* Info.plist */ = {isa = PBXFileReference; lastKnownFileType = text.plist.xml; path = Info.plist; sourceTree = "<group>"; };
		2E6628B01AF5D432006E51AC /* InterfaceController.swift */ = {isa = PBXFileReference; lastKnownFileType = sourcecode.swift; path = InterfaceController.swift; sourceTree = "<group>"; };
		2E6628B21AF5D432006E51AC /* Images.xcassets */ = {isa = PBXFileReference; lastKnownFileType = folder.assetcatalog; path = Images.xcassets; sourceTree = "<group>"; };
		2E6628B61AF5D432006E51AC /* Emoji Sudoku 😎.app */ = {isa = PBXFileReference; explicitFileType = wrapper.application; includeInIndex = 0; path = "Emoji Sudoku 😎.app"; sourceTree = BUILT_PRODUCTS_DIR; };
		2E6628BC1AF5D432006E51AC /* Info.plist */ = {isa = PBXFileReference; lastKnownFileType = text.plist.xml; path = Info.plist; sourceTree = "<group>"; };
		2E6628BE1AF5D432006E51AC /* Base */ = {isa = PBXFileReference; lastKnownFileType = file.storyboard; name = Base; path = Base.lproj/Interface.storyboard; sourceTree = "<group>"; };
		2E6628C01AF5D432006E51AC /* Images.xcassets */ = {isa = PBXFileReference; lastKnownFileType = folder.assetcatalog; path = Images.xcassets; sourceTree = "<group>"; };
		2E6628CC1AF5DE01006E51AC /* EmojiPicker.swift */ = {isa = PBXFileReference; fileEncoding = 4; lastKnownFileType = sourcecode.swift; path = EmojiPicker.swift; sourceTree = "<group>"; };
		2E6628CE1AF5F693006E51AC /* SudokuCell.swift */ = {isa = PBXFileReference; fileEncoding = 4; lastKnownFileType = sourcecode.swift; path = SudokuCell.swift; sourceTree = "<group>"; };
		2E6735F91AFAE8E100FB3F00 /* Emoji Sudoku.entitlements */ = {isa = PBXFileReference; lastKnownFileType = text.xml; path = "Emoji Sudoku.entitlements"; sourceTree = "<group>"; };
		2E9904CB1AF70E40006B3B82 /* s0.png */ = {isa = PBXFileReference; lastKnownFileType = image.png; path = s0.png; sourceTree = "<group>"; };
		2E9904CD1AF70EDB006B3B82 /* s1.png */ = {isa = PBXFileReference; lastKnownFileType = image.png; name = s1.png; path = ../s1.png; sourceTree = "<group>"; };
		2E9904CE1AF70EDB006B3B82 /* s2.png */ = {isa = PBXFileReference; lastKnownFileType = image.png; name = s2.png; path = ../s2.png; sourceTree = "<group>"; };
		2E9904CF1AF70EDB006B3B82 /* s3.png */ = {isa = PBXFileReference; lastKnownFileType = image.png; name = s3.png; path = ../s3.png; sourceTree = "<group>"; };
		2E9904D01AF70EDB006B3B82 /* s4.png */ = {isa = PBXFileReference; lastKnownFileType = image.png; name = s4.png; path = ../s4.png; sourceTree = "<group>"; };
		2E9904D11AF70EDB006B3B82 /* s5.png */ = {isa = PBXFileReference; lastKnownFileType = image.png; name = s5.png; path = ../s5.png; sourceTree = "<group>"; };
		2E9904D21AF70EDB006B3B82 /* s6.png */ = {isa = PBXFileReference; lastKnownFileType = image.png; name = s6.png; path = ../s6.png; sourceTree = "<group>"; };
		2E9904D31AF70EDB006B3B82 /* s7.png */ = {isa = PBXFileReference; lastKnownFileType = image.png; name = s7.png; path = ../s7.png; sourceTree = "<group>"; };
		2E9904D41AF70EDB006B3B82 /* s8.png */ = {isa = PBXFileReference; lastKnownFileType = image.png; name = s8.png; path = ../s8.png; sourceTree = "<group>"; };
		2E9904D51AF70EDB006B3B82 /* s9.png */ = {isa = PBXFileReference; lastKnownFileType = image.png; name = s9.png; path = ../s9.png; sourceTree = "<group>"; };
		2E9904D61AF70EDB006B3B82 /* s10.png */ = {isa = PBXFileReference; lastKnownFileType = image.png; name = s10.png; path = ../s10.png; sourceTree = "<group>"; };
		2E9904D71AF70EDB006B3B82 /* s11.png */ = {isa = PBXFileReference; lastKnownFileType = image.png; name = s11.png; path = ../s11.png; sourceTree = "<group>"; };
		2E9904D81AF70EDB006B3B82 /* s12.png */ = {isa = PBXFileReference; lastKnownFileType = image.png; name = s12.png; path = ../s12.png; sourceTree = "<group>"; };
		2E9904D91AF70EDB006B3B82 /* s13.png */ = {isa = PBXFileReference; lastKnownFileType = image.png; name = s13.png; path = ../s13.png; sourceTree = "<group>"; };
		2E9904DA1AF70EDB006B3B82 /* s14.png */ = {isa = PBXFileReference; lastKnownFileType = image.png; name = s14.png; path = ../s14.png; sourceTree = "<group>"; };
		2EC6BB531AF6B2D800AE8F19 /* VictoryScreen.swift */ = {isa = PBXFileReference; fileEncoding = 4; lastKnownFileType = sourcecode.swift; path = VictoryScreen.swift; sourceTree = "<group>"; };
		2EC6BB551AF6BA6300AE8F19 /* CustomMain.swift */ = {isa = PBXFileReference; fileEncoding = 4; lastKnownFileType = sourcecode.swift; path = CustomMain.swift; sourceTree = "<group>"; };
		2EC6BB571AF6BB1400AE8F19 /* CustomPicker.swift */ = {isa = PBXFileReference; fileEncoding = 4; lastKnownFileType = sourcecode.swift; path = CustomPicker.swift; sourceTree = "<group>"; };
		2EC6BB5C1AF6D0D500AE8F19 /* Emoji Sudoku WatchKit Extension.entitlements */ = {isa = PBXFileReference; lastKnownFileType = text.xml; path = "Emoji Sudoku WatchKit Extension.entitlements"; sourceTree = "<group>"; };
		2EC6BB5F1AF6DE7800AE8F19 /* Apple Watch.png */ = {isa = PBXFileReference; lastKnownFileType = image.png; path = "Apple Watch.png"; sourceTree = "<group>"; };
/* End PBXFileReference section */

/* Begin PBXFrameworksBuildPhase section */
		2E6628801AF5D3F2006E51AC /* Frameworks */ = {
			isa = PBXFrameworksBuildPhase;
			buildActionMask = 2147483647;
			files = (
			);
			runOnlyForDeploymentPostprocessing = 0;
		};
		2E6628951AF5D3F2006E51AC /* Frameworks */ = {
			isa = PBXFrameworksBuildPhase;
			buildActionMask = 2147483647;
			files = (
			);
			runOnlyForDeploymentPostprocessing = 0;
		};
		2E6628A91AF5D431006E51AC /* Frameworks */ = {
			isa = PBXFrameworksBuildPhase;
			buildActionMask = 2147483647;
			files = (
			);
			runOnlyForDeploymentPostprocessing = 0;
		};
/* End PBXFrameworksBuildPhase section */

/* Begin PBXGroup section */
		2E66287A1AF5D3F2006E51AC = {
			isa = PBXGroup;
			children = (
				2E6628851AF5D3F2006E51AC /* Emoji Sudoku */,
				2E66289B1AF5D3F2006E51AC /* Emoji SudokuTests */,
				2E6628AD1AF5D431006E51AC /* Emoji Sudoku WatchKit Extension */,
				2E6628BA1AF5D432006E51AC /* Emoji Sudoku WatchKit App */,
				2E6628841AF5D3F2006E51AC /* Products */,
			);
			sourceTree = "<group>";
		};
		2E6628841AF5D3F2006E51AC /* Products */ = {
			isa = PBXGroup;
			children = (
				2E6628831AF5D3F2006E51AC /* Emoji Sudoku.app */,
				2E6628981AF5D3F2006E51AC /* Emoji SudokuTests.xctest */,
				2E6628AC1AF5D431006E51AC /* Emoji Sudoku WatchKit Extension.appex */,
				2E6628B61AF5D432006E51AC /* Emoji Sudoku 😎.app */,
			);
			name = Products;
			sourceTree = "<group>";
		};
		2E6628851AF5D3F2006E51AC /* Emoji Sudoku */ = {
			isa = PBXGroup;
			children = (
				2E6735F91AFAE8E100FB3F00 /* Emoji Sudoku.entitlements */,
				2E9904CB1AF70E40006B3B82 /* s0.png */,
				2E9904CD1AF70EDB006B3B82 /* s1.png */,
				2E9904CE1AF70EDB006B3B82 /* s2.png */,
				2E9904CF1AF70EDB006B3B82 /* s3.png */,
				2E9904D01AF70EDB006B3B82 /* s4.png */,
				2E9904D11AF70EDB006B3B82 /* s5.png */,
				2E9904D21AF70EDB006B3B82 /* s6.png */,
				2E9904D31AF70EDB006B3B82 /* s7.png */,
				2E9904D41AF70EDB006B3B82 /* s8.png */,
				2E9904D51AF70EDB006B3B82 /* s9.png */,
				2E9904D61AF70EDB006B3B82 /* s10.png */,
				2E9904D71AF70EDB006B3B82 /* s11.png */,
				2E9904D81AF70EDB006B3B82 /* s12.png */,
				2E9904D91AF70EDB006B3B82 /* s13.png */,
				2E9904DA1AF70EDB006B3B82 /* s14.png */,
				2E6628881AF5D3F2006E51AC /* AppDelegate.swift */,
				2E66288A1AF5D3F2006E51AC /* ViewController.swift */,
				2E66288C1AF5D3F2006E51AC /* Main.storyboard */,
				2E66288F1AF5D3F2006E51AC /* Images.xcassets */,
				2E6628911AF5D3F2006E51AC /* LaunchScreen.xib */,
				2EC6BB5F1AF6DE7800AE8F19 /* Apple Watch.png */,
				2E6628861AF5D3F2006E51AC /* Supporting Files */,
			);
			path = "Emoji Sudoku";
			sourceTree = "<group>";
		};
		2E6628861AF5D3F2006E51AC /* Supporting Files */ = {
			isa = PBXGroup;
			children = (
				2E6628871AF5D3F2006E51AC /* Info.plist */,
			);
			name = "Supporting Files";
			sourceTree = "<group>";
		};
		2E66289B1AF5D3F2006E51AC /* Emoji SudokuTests */ = {
			isa = PBXGroup;
			children = (
				2E66289E1AF5D3F2006E51AC /* Emoji_SudokuTests.swift */,
				2E66289C1AF5D3F2006E51AC /* Supporting Files */,
			);
			path = "Emoji SudokuTests";
			sourceTree = "<group>";
		};
		2E66289C1AF5D3F2006E51AC /* Supporting Files */ = {
			isa = PBXGroup;
			children = (
				2E66289D1AF5D3F2006E51AC /* Info.plist */,
			);
			name = "Supporting Files";
			sourceTree = "<group>";
		};
		2E6628AD1AF5D431006E51AC /* Emoji Sudoku WatchKit Extension */ = {
			isa = PBXGroup;
			children = (
				2EC6BB5C1AF6D0D500AE8F19 /* Emoji Sudoku WatchKit Extension.entitlements */,
				2E6628B01AF5D432006E51AC /* InterfaceController.swift */,
				2E6628CE1AF5F693006E51AC /* SudokuCell.swift */,
				2E6628CC1AF5DE01006E51AC /* EmojiPicker.swift */,
				2EC6BB531AF6B2D800AE8F19 /* VictoryScreen.swift */,
				2EC6BB551AF6BA6300AE8F19 /* CustomMain.swift */,
				2EC6BB571AF6BB1400AE8F19 /* CustomPicker.swift */,
				2E6628B21AF5D432006E51AC /* Images.xcassets */,
				2E6628AE1AF5D432006E51AC /* Supporting Files */,
			);
			path = "Emoji Sudoku WatchKit Extension";
			sourceTree = "<group>";
		};
		2E6628AE1AF5D432006E51AC /* Supporting Files */ = {
			isa = PBXGroup;
			children = (
				2E6628AF1AF5D432006E51AC /* Info.plist */,
			);
			name = "Supporting Files";
			sourceTree = "<group>";
		};
		2E6628BA1AF5D432006E51AC /* Emoji Sudoku WatchKit App */ = {
			isa = PBXGroup;
			children = (
				2E6628BD1AF5D432006E51AC /* Interface.storyboard */,
				2E6628C01AF5D432006E51AC /* Images.xcassets */,
				2E6628BB1AF5D432006E51AC /* Supporting Files */,
			);
			path = "Emoji Sudoku WatchKit App";
			sourceTree = "<group>";
		};
		2E6628BB1AF5D432006E51AC /* Supporting Files */ = {
			isa = PBXGroup;
			children = (
				2E6628BC1AF5D432006E51AC /* Info.plist */,
			);
			name = "Supporting Files";
			sourceTree = "<group>";
		};
/* End PBXGroup section */

/* Begin PBXNativeTarget section */
		2E6628821AF5D3F2006E51AC /* Emoji Sudoku */ = {
			isa = PBXNativeTarget;
			buildConfigurationList = 2E6628A21AF5D3F2006E51AC /* Build configuration list for PBXNativeTarget "Emoji Sudoku" */;
			buildPhases = (
				2E66287F1AF5D3F2006E51AC /* Sources */,
				2E6628801AF5D3F2006E51AC /* Frameworks */,
				2E6628811AF5D3F2006E51AC /* Resources */,
				2E59D2691D96318100F0C380 /* Embed Watch Content */,
			);
			buildRules = (
			);
			dependencies = (
				2E59D2661D96318100F0C380 /* PBXTargetDependency */,
			);
			name = "Emoji Sudoku";
			productName = "Emoji Sudoku";
			productReference = 2E6628831AF5D3F2006E51AC /* Emoji Sudoku.app */;
			productType = "com.apple.product-type.application";
		};
		2E6628971AF5D3F2006E51AC /* Emoji SudokuTests */ = {
			isa = PBXNativeTarget;
			buildConfigurationList = 2E6628A51AF5D3F2006E51AC /* Build configuration list for PBXNativeTarget "Emoji SudokuTests" */;
			buildPhases = (
				2E6628941AF5D3F2006E51AC /* Sources */,
				2E6628951AF5D3F2006E51AC /* Frameworks */,
				2E6628961AF5D3F2006E51AC /* Resources */,
			);
			buildRules = (
			);
			dependencies = (
				2E66289A1AF5D3F2006E51AC /* PBXTargetDependency */,
			);
			name = "Emoji SudokuTests";
			productName = "Emoji SudokuTests";
			productReference = 2E6628981AF5D3F2006E51AC /* Emoji SudokuTests.xctest */;
			productType = "com.apple.product-type.bundle.unit-test";
		};
		2E6628AB1AF5D431006E51AC /* Emoji Sudoku WatchKit Extension */ = {
			isa = PBXNativeTarget;
			buildConfigurationList = 2E6628C81AF5D432006E51AC /* Build configuration list for PBXNativeTarget "Emoji Sudoku WatchKit Extension" */;
			buildPhases = (
				2E6628A81AF5D431006E51AC /* Sources */,
				2E6628A91AF5D431006E51AC /* Frameworks */,
				2E6628AA1AF5D431006E51AC /* Resources */,
			);
			buildRules = (
			);
			dependencies = (
			);
			name = "Emoji Sudoku WatchKit Extension";
			productName = "Emoji Sudoku WatchKit Extension";
			productReference = 2E6628AC1AF5D431006E51AC /* Emoji Sudoku WatchKit Extension.appex */;
			productType = "com.apple.product-type.watchkit2-extension";
		};
		2E6628B51AF5D432006E51AC /* Emoji Sudoku 😎 */ = {
			isa = PBXNativeTarget;
			buildConfigurationList = 2E6628C51AF5D432006E51AC /* Build configuration list for PBXNativeTarget "Emoji Sudoku 😎" */;
			buildPhases = (
				2E6628B41AF5D432006E51AC /* Resources */,
				2E59D2681D96318100F0C380 /* Embed App Extensions */,
			);
			buildRules = (
			);
			dependencies = (
				2E59D2631D96318100F0C380 /* PBXTargetDependency */,
			);
			name = "Emoji Sudoku 😎";
			productName = "Emoji Sudoku WatchKit App";
			productReference = 2E6628B61AF5D432006E51AC /* Emoji Sudoku 😎.app */;
			productType = "com.apple.product-type.application.watchapp2";
		};
/* End PBXNativeTarget section */

/* Begin PBXProject section */
		2E66287B1AF5D3F2006E51AC /* Project object */ = {
			isa = PBXProject;
			attributes = {
				LastUpgradeCheck = 0800;
				ORGANIZATIONNAME = "Cal Stephens";
				TargetAttributes = {
					2E6628821AF5D3F2006E51AC = {
						CreatedOnToolsVersion = 6.3.1;
						DevelopmentTeam = FZ89A5SZ7C;
						LastSwiftMigration = 0800;
						ProvisioningStyle = Automatic;
						SystemCapabilities = {
							com.apple.iCloud = {
								enabled = 1;
							};
						};
					};
					2E6628971AF5D3F2006E51AC = {
						CreatedOnToolsVersion = 6.3.1;
						LastSwiftMigration = 0800;
						TestTargetID = 2E6628821AF5D3F2006E51AC;
					};
					2E6628AB1AF5D431006E51AC = {
						CreatedOnToolsVersion = 6.3.1;
						DevelopmentTeam = FZ89A5SZ7C;
						LastSwiftMigration = 0800;
						ProvisioningStyle = Automatic;
						SystemCapabilities = {
							com.apple.iCloud = {
								enabled = 1;
							};
						};
					};
					2E6628B51AF5D432006E51AC = {
						CreatedOnToolsVersion = 6.3.1;
						DevelopmentTeam = FZ89A5SZ7C;
						LastSwiftMigration = 0800;
						ProvisioningStyle = Automatic;
					};
				};
			};
			buildConfigurationList = 2E66287E1AF5D3F2006E51AC /* Build configuration list for PBXProject "Emoji Sudoku" */;
			compatibilityVersion = "Xcode 3.2";
			developmentRegion = English;
			hasScannedForEncodings = 0;
			knownRegions = (
				en,
				Base,
			);
			mainGroup = 2E66287A1AF5D3F2006E51AC;
			productRefGroup = 2E6628841AF5D3F2006E51AC /* Products */;
			projectDirPath = "";
			projectRoot = "";
			targets = (
				2E6628821AF5D3F2006E51AC /* Emoji Sudoku */,
				2E6628971AF5D3F2006E51AC /* Emoji SudokuTests */,
				2E6628AB1AF5D431006E51AC /* Emoji Sudoku WatchKit Extension */,
				2E6628B51AF5D432006E51AC /* Emoji Sudoku 😎 */,
			);
		};
/* End PBXProject section */

/* Begin PBXResourcesBuildPhase section */
		2E6628811AF5D3F2006E51AC /* Resources */ = {
			isa = PBXResourcesBuildPhase;
			buildActionMask = 2147483647;
			files = (
				2E9904E11AF70EDB006B3B82 /* s7.png in Resources */,
				2E9904E51AF70EDB006B3B82 /* s11.png in Resources */,
				2E9904DE1AF70EDB006B3B82 /* s4.png in Resources */,
				2E9904E21AF70EDB006B3B82 /* s8.png in Resources */,
				2E66288E1AF5D3F2006E51AC /* Main.storyboard in Resources */,
				2E9904E01AF70EDB006B3B82 /* s6.png in Resources */,
				2E9904E81AF70EDB006B3B82 /* s14.png in Resources */,
				2E9904E31AF70EDB006B3B82 /* s9.png in Resources */,
				2E6628931AF5D3F2006E51AC /* LaunchScreen.xib in Resources */,
				2E9904DB1AF70EDB006B3B82 /* s1.png in Resources */,
				2E9904CC1AF70E40006B3B82 /* s0.png in Resources */,
				2E9904DD1AF70EDB006B3B82 /* s3.png in Resources */,
				2E9904E61AF70EDB006B3B82 /* s12.png in Resources */,
				2E6628901AF5D3F2006E51AC /* Images.xcassets in Resources */,
				2E9904DC1AF70EDB006B3B82 /* s2.png in Resources */,
				2EC6BB601AF6DE7800AE8F19 /* Apple Watch.png in Resources */,
				2E9904E41AF70EDB006B3B82 /* s10.png in Resources */,
				2E9904DF1AF70EDB006B3B82 /* s5.png in Resources */,
				2E9904E71AF70EDB006B3B82 /* s13.png in Resources */,
			);
			runOnlyForDeploymentPostprocessing = 0;
		};
		2E6628961AF5D3F2006E51AC /* Resources */ = {
			isa = PBXResourcesBuildPhase;
			buildActionMask = 2147483647;
			files = (
			);
			runOnlyForDeploymentPostprocessing = 0;
		};
		2E6628AA1AF5D431006E51AC /* Resources */ = {
			isa = PBXResourcesBuildPhase;
			buildActionMask = 2147483647;
			files = (
				2E6628B31AF5D432006E51AC /* Images.xcassets in Resources */,
			);
			runOnlyForDeploymentPostprocessing = 0;
		};
		2E6628B41AF5D432006E51AC /* Resources */ = {
			isa = PBXResourcesBuildPhase;
			buildActionMask = 2147483647;
			files = (
				2E6628BF1AF5D432006E51AC /* Interface.storyboard in Resources */,
				2E6628C11AF5D432006E51AC /* Images.xcassets in Resources */,
			);
			runOnlyForDeploymentPostprocessing = 0;
		};
/* End PBXResourcesBuildPhase section */

/* Begin PBXSourcesBuildPhase section */
		2E66287F1AF5D3F2006E51AC /* Sources */ = {
			isa = PBXSourcesBuildPhase;
			buildActionMask = 2147483647;
			files = (
				2E66288B1AF5D3F2006E51AC /* ViewController.swift in Sources */,
				2E6628891AF5D3F2006E51AC /* AppDelegate.swift in Sources */,
			);
			runOnlyForDeploymentPostprocessing = 0;
		};
		2E6628941AF5D3F2006E51AC /* Sources */ = {
			isa = PBXSourcesBuildPhase;
			buildActionMask = 2147483647;
			files = (
				2E66289F1AF5D3F2006E51AC /* Emoji_SudokuTests.swift in Sources */,
			);
			runOnlyForDeploymentPostprocessing = 0;
		};
		2E6628A81AF5D431006E51AC /* Sources */ = {
			isa = PBXSourcesBuildPhase;
			buildActionMask = 2147483647;
			files = (
				2E6628CD1AF5DE01006E51AC /* EmojiPicker.swift in Sources */,
				2E6628CF1AF5F693006E51AC /* SudokuCell.swift in Sources */,
				2EC6BB581AF6BB1400AE8F19 /* CustomPicker.swift in Sources */,
				2EC6BB541AF6B2D800AE8F19 /* VictoryScreen.swift in Sources */,
				2EC6BB561AF6BA6300AE8F19 /* CustomMain.swift in Sources */,
				2E6628B11AF5D432006E51AC /* InterfaceController.swift in Sources */,
			);
			runOnlyForDeploymentPostprocessing = 0;
		};
/* End PBXSourcesBuildPhase section */

/* Begin PBXTargetDependency section */
		2E59D2631D96318100F0C380 /* PBXTargetDependency */ = {
			isa = PBXTargetDependency;
			target = 2E6628AB1AF5D431006E51AC /* Emoji Sudoku WatchKit Extension */;
			targetProxy = 2E59D2621D96318100F0C380 /* PBXContainerItemProxy */;
		};
		2E59D2661D96318100F0C380 /* PBXTargetDependency */ = {
			isa = PBXTargetDependency;
			target = 2E6628B51AF5D432006E51AC /* Emoji Sudoku 😎 */;
			targetProxy = 2E59D2651D96318100F0C380 /* PBXContainerItemProxy */;
		};
		2E66289A1AF5D3F2006E51AC /* PBXTargetDependency */ = {
			isa = PBXTargetDependency;
			target = 2E6628821AF5D3F2006E51AC /* Emoji Sudoku */;
			targetProxy = 2E6628991AF5D3F2006E51AC /* PBXContainerItemProxy */;
		};
/* End PBXTargetDependency section */

/* Begin PBXVariantGroup section */
		2E66288C1AF5D3F2006E51AC /* Main.storyboard */ = {
			isa = PBXVariantGroup;
			children = (
				2E66288D1AF5D3F2006E51AC /* Base */,
			);
			name = Main.storyboard;
			sourceTree = "<group>";
		};
		2E6628911AF5D3F2006E51AC /* LaunchScreen.xib */ = {
			isa = PBXVariantGroup;
			children = (
				2E6628921AF5D3F2006E51AC /* Base */,
			);
			name = LaunchScreen.xib;
			sourceTree = "<group>";
		};
		2E6628BD1AF5D432006E51AC /* Interface.storyboard */ = {
			isa = PBXVariantGroup;
			children = (
				2E6628BE1AF5D432006E51AC /* Base */,
			);
			name = Interface.storyboard;
			sourceTree = "<group>";
		};
/* End PBXVariantGroup section */

/* Begin XCBuildConfiguration section */
		2E6628A01AF5D3F2006E51AC /* Debug */ = {
			isa = XCBuildConfiguration;
			buildSettings = {
				ALWAYS_SEARCH_USER_PATHS = NO;
				CLANG_CXX_LANGUAGE_STANDARD = "gnu++0x";
				CLANG_CXX_LIBRARY = "libc++";
				CLANG_ENABLE_MODULES = YES;
				CLANG_ENABLE_OBJC_ARC = YES;
				CLANG_WARN_BOOL_CONVERSION = YES;
				CLANG_WARN_CONSTANT_CONVERSION = YES;
				CLANG_WARN_DIRECT_OBJC_ISA_USAGE = YES_ERROR;
				CLANG_WARN_EMPTY_BODY = YES;
				CLANG_WARN_ENUM_CONVERSION = YES;
				CLANG_WARN_INFINITE_RECURSION = YES;
				CLANG_WARN_INT_CONVERSION = YES;
				CLANG_WARN_OBJC_ROOT_CLASS = YES_ERROR;
				CLANG_WARN_SUSPICIOUS_MOVE = YES;
				CLANG_WARN_UNREACHABLE_CODE = YES;
				CLANG_WARN__DUPLICATE_METHOD_MATCH = YES;
				"CODE_SIGN_IDENTITY[sdk=iphoneos*]" = "iPhone Developer";
				COPY_PHASE_STRIP = NO;
				DEBUG_INFORMATION_FORMAT = "dwarf-with-dsym";
				ENABLE_STRICT_OBJC_MSGSEND = YES;
				ENABLE_TESTABILITY = YES;
				GCC_C_LANGUAGE_STANDARD = gnu99;
				GCC_DYNAMIC_NO_PIC = NO;
				GCC_NO_COMMON_BLOCKS = YES;
				GCC_OPTIMIZATION_LEVEL = 0;
				GCC_PREPROCESSOR_DEFINITIONS = (
					"DEBUG=1",
					"$(inherited)",
				);
				GCC_SYMBOLS_PRIVATE_EXTERN = NO;
				GCC_WARN_64_TO_32_BIT_CONVERSION = YES;
				GCC_WARN_ABOUT_RETURN_TYPE = YES_ERROR;
				GCC_WARN_UNDECLARED_SELECTOR = YES;
				GCC_WARN_UNINITIALIZED_AUTOS = YES_AGGRESSIVE;
				GCC_WARN_UNUSED_FUNCTION = YES;
				GCC_WARN_UNUSED_VARIABLE = YES;
				IPHONEOS_DEPLOYMENT_TARGET = 8.3;
				MTL_ENABLE_DEBUG_INFO = YES;
				ONLY_ACTIVE_ARCH = YES;
				SDKROOT = iphoneos;
				SWIFT_OPTIMIZATION_LEVEL = "-Onone";
			};
			name = Debug;
		};
		2E6628A11AF5D3F2006E51AC /* Release */ = {
			isa = XCBuildConfiguration;
			buildSettings = {
				ALWAYS_SEARCH_USER_PATHS = NO;
				CLANG_CXX_LANGUAGE_STANDARD = "gnu++0x";
				CLANG_CXX_LIBRARY = "libc++";
				CLANG_ENABLE_MODULES = YES;
				CLANG_ENABLE_OBJC_ARC = YES;
				CLANG_WARN_BOOL_CONVERSION = YES;
				CLANG_WARN_CONSTANT_CONVERSION = YES;
				CLANG_WARN_DIRECT_OBJC_ISA_USAGE = YES_ERROR;
				CLANG_WARN_EMPTY_BODY = YES;
				CLANG_WARN_ENUM_CONVERSION = YES;
				CLANG_WARN_INFINITE_RECURSION = YES;
				CLANG_WARN_INT_CONVERSION = YES;
				CLANG_WARN_OBJC_ROOT_CLASS = YES_ERROR;
				CLANG_WARN_SUSPICIOUS_MOVE = YES;
				CLANG_WARN_UNREACHABLE_CODE = YES;
				CLANG_WARN__DUPLICATE_METHOD_MATCH = YES;
				"CODE_SIGN_IDENTITY[sdk=iphoneos*]" = "iPhone Developer";
				COPY_PHASE_STRIP = NO;
				DEBUG_INFORMATION_FORMAT = "dwarf-with-dsym";
				ENABLE_NS_ASSERTIONS = NO;
				ENABLE_STRICT_OBJC_MSGSEND = YES;
				GCC_C_LANGUAGE_STANDARD = gnu99;
				GCC_NO_COMMON_BLOCKS = YES;
				GCC_WARN_64_TO_32_BIT_CONVERSION = YES;
				GCC_WARN_ABOUT_RETURN_TYPE = YES_ERROR;
				GCC_WARN_UNDECLARED_SELECTOR = YES;
				GCC_WARN_UNINITIALIZED_AUTOS = YES_AGGRESSIVE;
				GCC_WARN_UNUSED_FUNCTION = YES;
				GCC_WARN_UNUSED_VARIABLE = YES;
				IPHONEOS_DEPLOYMENT_TARGET = 8.3;
				MTL_ENABLE_DEBUG_INFO = NO;
				SDKROOT = iphoneos;
				SWIFT_OPTIMIZATION_LEVEL = "-Owholemodule";
				VALIDATE_PRODUCT = YES;
			};
			name = Release;
		};
		2E6628A31AF5D3F2006E51AC /* Debug */ = {
			isa = XCBuildConfiguration;
			buildSettings = {
				ASSETCATALOG_COMPILER_APPICON_NAME = AppIcon;
				CODE_SIGN_ENTITLEMENTS = "Emoji Sudoku/Emoji Sudoku.entitlements";
				CODE_SIGN_IDENTITY = "iPhone Developer";
				"CODE_SIGN_IDENTITY[sdk=iphoneos*]" = "iPhone Developer";
				INFOPLIST_FILE = "Emoji Sudoku/Info.plist";
				LD_RUNPATH_SEARCH_PATHS = "$(inherited) @executable_path/Frameworks";
				PRODUCT_BUNDLE_IDENTIFIER = "com.cal.$(PRODUCT_NAME:rfc1034identifier)";
				PRODUCT_NAME = "$(TARGET_NAME)";
				PROVISIONING_PROFILE = "";
				"PROVISIONING_PROFILE[sdk=*]" = "";
				SWIFT_VERSION = 3.0;
			};
			name = Debug;
		};
		2E6628A41AF5D3F2006E51AC /* Release */ = {
			isa = XCBuildConfiguration;
			buildSettings = {
				ASSETCATALOG_COMPILER_APPICON_NAME = AppIcon;
				CODE_SIGN_ENTITLEMENTS = "Emoji Sudoku/Emoji Sudoku.entitlements";
				CODE_SIGN_IDENTITY = "iPhone Developer";
				"CODE_SIGN_IDENTITY[sdk=iphoneos*]" = "iPhone Developer";
				INFOPLIST_FILE = "Emoji Sudoku/Info.plist";
				LD_RUNPATH_SEARCH_PATHS = "$(inherited) @executable_path/Frameworks";
				PRODUCT_BUNDLE_IDENTIFIER = "com.cal.$(PRODUCT_NAME:rfc1034identifier)";
				PRODUCT_NAME = "$(TARGET_NAME)";
				PROVISIONING_PROFILE = "";
				SWIFT_VERSION = 3.0;
			};
			name = Release;
		};
		2E6628A61AF5D3F2006E51AC /* Debug */ = {
			isa = XCBuildConfiguration;
			buildSettings = {
				BUNDLE_LOADER = "$(TEST_HOST)";
				FRAMEWORK_SEARCH_PATHS = (
					"$(SDKROOT)/Developer/Library/Frameworks",
					"$(inherited)",
				);
				GCC_PREPROCESSOR_DEFINITIONS = (
					"DEBUG=1",
					"$(inherited)",
				);
				INFOPLIST_FILE = "Emoji SudokuTests/Info.plist";
				LD_RUNPATH_SEARCH_PATHS = "$(inherited) @executable_path/Frameworks @loader_path/Frameworks";
				PRODUCT_BUNDLE_IDENTIFIER = "com.cal.$(PRODUCT_NAME:rfc1034identifier)";
				PRODUCT_NAME = "$(TARGET_NAME)";
				SWIFT_VERSION = 3.0;
				TEST_HOST = "$(BUILT_PRODUCTS_DIR)/Emoji Sudoku.app/Emoji Sudoku";
			};
			name = Debug;
		};
		2E6628A71AF5D3F2006E51AC /* Release */ = {
			isa = XCBuildConfiguration;
			buildSettings = {
				BUNDLE_LOADER = "$(TEST_HOST)";
				FRAMEWORK_SEARCH_PATHS = (
					"$(SDKROOT)/Developer/Library/Frameworks",
					"$(inherited)",
				);
				INFOPLIST_FILE = "Emoji SudokuTests/Info.plist";
				LD_RUNPATH_SEARCH_PATHS = "$(inherited) @executable_path/Frameworks @loader_path/Frameworks";
				PRODUCT_BUNDLE_IDENTIFIER = "com.cal.$(PRODUCT_NAME:rfc1034identifier)";
				PRODUCT_NAME = "$(TARGET_NAME)";
				SWIFT_VERSION = 3.0;
				TEST_HOST = "$(BUILT_PRODUCTS_DIR)/Emoji Sudoku.app/Emoji Sudoku";
			};
			name = Release;
		};
		2E6628C61AF5D432006E51AC /* Debug */ = {
			isa = XCBuildConfiguration;
			buildSettings = {
				ALWAYS_EMBED_SWIFT_STANDARD_LIBRARIES = YES;
				ASSETCATALOG_COMPILER_APPICON_NAME = AppIcon;
				CODE_SIGN_IDENTITY = "iPhone Developer";
				"CODE_SIGN_IDENTITY[sdk=iphoneos*]" = "iPhone Developer";
				"CODE_SIGN_IDENTITY[sdk=watchos*]" = "iPhone Developer";
				GCC_PREPROCESSOR_DEFINITIONS = (
					"DEBUG=1",
					"$(inherited)",
				);
				IBSC_MODULE = Emoji_Sudoku_WatchKit_Extension;
				INFOPLIST_FILE = "Emoji Sudoku WatchKit App/Info.plist";
				PRODUCT_BUNDLE_IDENTIFIER = "com.cal.Emoji-Sudoku.watchkitapp";
				PRODUCT_NAME = "$(TARGET_NAME)";
				PROVISIONING_PROFILE = "";
				SDKROOT = watchos;
				SKIP_INSTALL = YES;
				SWIFT_VERSION = 3.0;
				TARGETED_DEVICE_FAMILY = 4;
				WATCHOS_DEPLOYMENT_TARGET = 2.0;
			};
			name = Debug;
		};
		2E6628C71AF5D432006E51AC /* Release */ = {
			isa = XCBuildConfiguration;
			buildSettings = {
				ALWAYS_EMBED_SWIFT_STANDARD_LIBRARIES = YES;
				ASSETCATALOG_COMPILER_APPICON_NAME = AppIcon;
				CODE_SIGN_IDENTITY = "iPhone Developer";
				"CODE_SIGN_IDENTITY[sdk=iphoneos*]" = "iPhone Developer";
				"CODE_SIGN_IDENTITY[sdk=watchos*]" = "iPhone Developer";
				IBSC_MODULE = Emoji_Sudoku_WatchKit_Extension;
				INFOPLIST_FILE = "Emoji Sudoku WatchKit App/Info.plist";
				PRODUCT_BUNDLE_IDENTIFIER = "com.cal.Emoji-Sudoku.watchkitapp";
				PRODUCT_NAME = "$(TARGET_NAME)";
				PROVISIONING_PROFILE = "";
				SDKROOT = watchos;
				SKIP_INSTALL = YES;
				SWIFT_VERSION = 3.0;
				TARGETED_DEVICE_FAMILY = 4;
				WATCHOS_DEPLOYMENT_TARGET = 2.0;
			};
			name = Release;
		};
		2E6628C91AF5D432006E51AC /* Debug */ = {
			isa = XCBuildConfiguration;
			buildSettings = {
				CODE_SIGN_ENTITLEMENTS = "Emoji Sudoku WatchKit Extension/Emoji Sudoku WatchKit Extension.entitlements";
				CODE_SIGN_IDENTITY = "iPhone Developer";
				"CODE_SIGN_IDENTITY[sdk=iphoneos*]" = "iPhone Developer";
				"CODE_SIGN_IDENTITY[sdk=watchos*]" = "iPhone Developer";
				GCC_PREPROCESSOR_DEFINITIONS = (
					"DEBUG=1",
					"$(inherited)",
				);
				INFOPLIST_FILE = "Emoji Sudoku WatchKit Extension/Info.plist";
				LD_RUNPATH_SEARCH_PATHS = "$(inherited) @executable_path/Frameworks @executable_path/../../Frameworks";
				PRODUCT_BUNDLE_IDENTIFIER = "com.cal.Emoji-Sudoku.watchkitapp.watchkitextension";
				PRODUCT_NAME = "${TARGET_NAME}";
				PROVISIONING_PROFILE = "";
				SDKROOT = watchos;
				SKIP_INSTALL = YES;
				SWIFT_VERSION = 3.0;
				TARGETED_DEVICE_FAMILY = 4;
				WATCHOS_DEPLOYMENT_TARGET = 2.0;
			};
			name = Debug;
		};
		2E6628CA1AF5D432006E51AC /* Release */ = {
			isa = XCBuildConfiguration;
			buildSettings = {
				CODE_SIGN_ENTITLEMENTS = "Emoji Sudoku WatchKit Extension/Emoji Sudoku WatchKit Extension.entitlements";
				CODE_SIGN_IDENTITY = "iPhone Developer";
				"CODE_SIGN_IDENTITY[sdk=iphoneos*]" = "iPhone Developer";
				"CODE_SIGN_IDENTITY[sdk=watchos*]" = "iPhone Developer";
				INFOPLIST_FILE = "Emoji Sudoku WatchKit Extension/Info.plist";
				LD_RUNPATH_SEARCH_PATHS = "$(inherited) @executable_path/Frameworks @executable_path/../../Frameworks";
				PRODUCT_BUNDLE_IDENTIFIER = "com.cal.Emoji-Sudoku.watchkitapp.watchkitextension";
				PRODUCT_NAME = "${TARGET_NAME}";
				PROVISIONING_PROFILE = "";
				SDKROOT = watchos;
				SKIP_INSTALL = YES;
				SWIFT_VERSION = 3.0;
				TARGETED_DEVICE_FAMILY = 4;
				WATCHOS_DEPLOYMENT_TARGET = 2.0;
			};
			name = Release;
		};
/* End XCBuildConfiguration section */

/* Begin XCConfigurationList section */
		2E66287E1AF5D3F2006E51AC /* Build configuration list for PBXProject "Emoji Sudoku" */ = {
			isa = XCConfigurationList;
			buildConfigurations = (
				2E6628A01AF5D3F2006E51AC /* Debug */,
				2E6628A11AF5D3F2006E51AC /* Release */,
			);
			defaultConfigurationIsVisible = 0;
			defaultConfigurationName = Release;
		};
		2E6628A21AF5D3F2006E51AC /* Build configuration list for PBXNativeTarget "Emoji Sudoku" */ = {
			isa = XCConfigurationList;
			buildConfigurations = (
				2E6628A31AF5D3F2006E51AC /* Debug */,
				2E6628A41AF5D3F2006E51AC /* Release */,
			);
			defaultConfigurationIsVisible = 0;
			defaultConfigurationName = Release;
		};
		2E6628A51AF5D3F2006E51AC /* Build configuration list for PBXNativeTarget "Emoji SudokuTests" */ = {
			isa = XCConfigurationList;
			buildConfigurations = (
				2E6628A61AF5D3F2006E51AC /* Debug */,
				2E6628A71AF5D3F2006E51AC /* Release */,
			);
			defaultConfigurationIsVisible = 0;
			defaultConfigurationName = Release;
		};
		2E6628C51AF5D432006E51AC /* Build configuration list for PBXNativeTarget "Emoji Sudoku 😎" */ = {
			isa = XCConfigurationList;
			buildConfigurations = (
				2E6628C61AF5D432006E51AC /* Debug */,
				2E6628C71AF5D432006E51AC /* Release */,
			);
			defaultConfigurationIsVisible = 0;
			defaultConfigurationName = Release;
		};
		2E6628C81AF5D432006E51AC /* Build configuration list for PBXNativeTarget "Emoji Sudoku WatchKit Extension" */ = {
			isa = XCConfigurationList;
			buildConfigurations = (
				2E6628C91AF5D432006E51AC /* Debug */,
				2E6628CA1AF5D432006E51AC /* Release */,
			);
			defaultConfigurationIsVisible = 0;
			defaultConfigurationName = Release;
		};
/* End XCConfigurationList section */
	};
	rootObject = 2E66287B1AF5D3F2006E51AC /* Project object */;
}
